// !$*UTF8*$!
{
	archiveVersion = 1;
	classes = {
	};
	objectVersion = 56;
	objects = {

/* Begin PBXBuildFile section */
		B317449E2C00285500B72D28 /* weather.swift in Sources */ = {isa = PBXBuildFile; fileRef = B317449D2C00285500B72D28 /* weather.swift */; };
		B31CAAEC2BFDC1B6005394F0 /* AppDelegate.swift in Sources */ = {isa = PBXBuildFile; fileRef = B31CAAEB2BFDC1B6005394F0 /* AppDelegate.swift */; };
		B31CAAEE2BFDC1B6005394F0 /* SceneDelegate.swift in Sources */ = {isa = PBXBuildFile; fileRef = B31CAAED2BFDC1B6005394F0 /* SceneDelegate.swift */; };
		B31CAAF02BFDC1B6005394F0 /* ViewController.swift in Sources */ = {isa = PBXBuildFile; fileRef = B31CAAEF2BFDC1B6005394F0 /* ViewController.swift */; };
		B31CAAF32BFDC1B6005394F0 /* Main.storyboard in Resources */ = {isa = PBXBuildFile; fileRef = B31CAAF12BFDC1B6005394F0 /* Main.storyboard */; };
		B31CAAF52BFDC1B7005394F0 /* Assets.xcassets in Resources */ = {isa = PBXBuildFile; fileRef = B31CAAF42BFDC1B7005394F0 /* Assets.xcassets */; };
		B31CAAF82BFDC1B7005394F0 /* LaunchScreen.storyboard in Resources */ = {isa = PBXBuildFile; fileRef = B31CAAF62BFDC1B7005394F0 /* LaunchScreen.storyboard */; };
		B3594A312C06BF3C0026A5A8 /* wetherStruct.swift in Sources */ = {isa = PBXBuildFile; fileRef = B3594A302C06BF3C0026A5A8 /* wetherStruct.swift */; };
		B3C149402BFED34D009C741D /* YumemiWeather in Frameworks */ = {isa = PBXBuildFile; productRef = B3C1493F2BFED34D009C741D /* YumemiWeather */; };
		B3C149422BFEFEC6009C741D /* LunchViewController.swift in Sources */ = {isa = PBXBuildFile; fileRef = B3C149412BFEFEC6009C741D /* LunchViewController.swift */; };
		B3CEAF522C0D53EB009D32F0 /* TableListViewController.swift in Sources */ = {isa = PBXBuildFile; fileRef = B3CEAF512C0D53EB009D32F0 /* TableListViewController.swift */; };
		B3CEAF542C0D75F4009D32F0 /* wetherList.swift in Sources */ = {isa = PBXBuildFile; fileRef = B3CEAF532C0D75F4009D32F0 /* wetherList.swift */; };
		B3CEAF562C0D764A009D32F0 /* ListStruct.swift in Sources */ = {isa = PBXBuildFile; fileRef = B3CEAF552C0D764A009D32F0 /* ListStruct.swift */; };
/* End PBXBuildFile section */

/* Begin PBXFileReference section */
		B317449D2C00285500B72D28 /* weather.swift */ = {isa = PBXFileReference; lastKnownFileType = sourcecode.swift; path = weather.swift; sourceTree = "<group>"; };
		B31CAAE82BFDC1B6005394F0 /* Weather.app */ = {isa = PBXFileReference; explicitFileType = wrapper.application; includeInIndex = 0; path = Weather.app; sourceTree = BUILT_PRODUCTS_DIR; };
		B31CAAEB2BFDC1B6005394F0 /* AppDelegate.swift */ = {isa = PBXFileReference; lastKnownFileType = sourcecode.swift; path = AppDelegate.swift; sourceTree = "<group>"; };
		B31CAAED2BFDC1B6005394F0 /* SceneDelegate.swift */ = {isa = PBXFileReference; lastKnownFileType = sourcecode.swift; path = SceneDelegate.swift; sourceTree = "<group>"; };
		B31CAAEF2BFDC1B6005394F0 /* ViewController.swift */ = {isa = PBXFileReference; lastKnownFileType = sourcecode.swift; path = ViewController.swift; sourceTree = "<group>"; };
		B31CAAF22BFDC1B6005394F0 /* Base */ = {isa = PBXFileReference; lastKnownFileType = file.storyboard; name = Base; path = Base.lproj/Main.storyboard; sourceTree = "<group>"; };
		B31CAAF42BFDC1B7005394F0 /* Assets.xcassets */ = {isa = PBXFileReference; lastKnownFileType = folder.assetcatalog; path = Assets.xcassets; sourceTree = "<group>"; };
		B31CAAF72BFDC1B7005394F0 /* Base */ = {isa = PBXFileReference; lastKnownFileType = file.storyboard; name = Base; path = Base.lproj/LaunchScreen.storyboard; sourceTree = "<group>"; };
		B31CAAF92BFDC1B7005394F0 /* Info.plist */ = {isa = PBXFileReference; lastKnownFileType = text.plist.xml; path = Info.plist; sourceTree = "<group>"; };
		B3594A302C06BF3C0026A5A8 /* wetherStruct.swift */ = {isa = PBXFileReference; lastKnownFileType = sourcecode.swift; path = wetherStruct.swift; sourceTree = "<group>"; };
		B3C149412BFEFEC6009C741D /* LunchViewController.swift */ = {isa = PBXFileReference; lastKnownFileType = sourcecode.swift; path = LunchViewController.swift; sourceTree = "<group>"; };
		B3CEAF512C0D53EB009D32F0 /* TableListViewController.swift */ = {isa = PBXFileReference; lastKnownFileType = sourcecode.swift; path = TableListViewController.swift; sourceTree = "<group>"; };
		B3CEAF532C0D75F4009D32F0 /* wetherList.swift */ = {isa = PBXFileReference; lastKnownFileType = sourcecode.swift; path = wetherList.swift; sourceTree = "<group>"; };
		B3CEAF552C0D764A009D32F0 /* ListStruct.swift */ = {isa = PBXFileReference; lastKnownFileType = sourcecode.swift; path = ListStruct.swift; sourceTree = "<group>"; };
/* End PBXFileReference section */

/* Begin PBXFrameworksBuildPhase section */
		B31CAAE52BFDC1B6005394F0 /* Frameworks */ = {
			isa = PBXFrameworksBuildPhase;
			buildActionMask = 2147483647;
			files = (
				B3C149402BFED34D009C741D /* YumemiWeather in Frameworks */,
			);
			runOnlyForDeploymentPostprocessing = 0;
		};
/* End PBXFrameworksBuildPhase section */

/* Begin PBXGroup section */
		B31CAADF2BFDC1B6005394F0 = {
			isa = PBXGroup;
			children = (
				B31CAAEA2BFDC1B6005394F0 /* Weather */,
				B31CAAE92BFDC1B6005394F0 /* Products */,
			);
			sourceTree = "<group>";
		};
		B31CAAE92BFDC1B6005394F0 /* Products */ = {
			isa = PBXGroup;
			children = (
				B31CAAE82BFDC1B6005394F0 /* Weather.app */,
			);
			name = Products;
			sourceTree = "<group>";
		};
		B31CAAEA2BFDC1B6005394F0 /* Weather */ = {
			isa = PBXGroup;
			children = (
				B31CAAEB2BFDC1B6005394F0 /* AppDelegate.swift */,
				B31CAAEF2BFDC1B6005394F0 /* ViewController.swift */,
				B3CEAF512C0D53EB009D32F0 /* TableListViewController.swift */,
				B3C149412BFEFEC6009C741D /* LunchViewController.swift */,
				B317449D2C00285500B72D28 /* weather.swift */,
				B3CEAF532C0D75F4009D32F0 /* wetherList.swift */,
				B3594A302C06BF3C0026A5A8 /* wetherStruct.swift */,
				B31CAAED2BFDC1B6005394F0 /* SceneDelegate.swift */,
				B31CAAF12BFDC1B6005394F0 /* Main.storyboard */,
				B31CAAF62BFDC1B7005394F0 /* LaunchScreen.storyboard */,
				B31CAAF42BFDC1B7005394F0 /* Assets.xcassets */,
				B31CAAF92BFDC1B7005394F0 /* Info.plist */,
				B3CEAF552C0D764A009D32F0 /* ListStruct.swift */,
			);
			path = Weather;
			sourceTree = "<group>";
		};
/* End PBXGroup section */

/* Begin PBXNativeTarget section */
		B31CAAE72BFDC1B6005394F0 /* Weather */ = {
			isa = PBXNativeTarget;
			buildConfigurationList = B31CAAFC2BFDC1B7005394F0 /* Build configuration list for PBXNativeTarget "Weather" */;
			buildPhases = (
				B31CAAE42BFDC1B6005394F0 /* Sources */,
				B31CAAE52BFDC1B6005394F0 /* Frameworks */,
				B31CAAE62BFDC1B6005394F0 /* Resources */,
			);
			buildRules = (
			);
			dependencies = (
			);
			name = Weather;
			packageProductDependencies = (
				B3C1493F2BFED34D009C741D /* YumemiWeather */,
			);
			productName = weather;
			productReference = B31CAAE82BFDC1B6005394F0 /* Weather.app */;
			productType = "com.apple.product-type.application";
		};
/* End PBXNativeTarget section */

/* Begin PBXProject section */
		B31CAAE02BFDC1B6005394F0 /* Project object */ = {
			isa = PBXProject;
			attributes = {
				BuildIndependentTargetsInParallel = 1;
				LastSwiftUpdateCheck = 1430;
				LastUpgradeCheck = 1430;
				TargetAttributes = {
					B31CAAE72BFDC1B6005394F0 = {
						CreatedOnToolsVersion = 14.3.1;
					};
				};
			};
			buildConfigurationList = B31CAAE32BFDC1B6005394F0 /* Build configuration list for PBXProject "Weather" */;
			compatibilityVersion = "Xcode 14.0";
			developmentRegion = en;
			hasScannedForEncodings = 0;
			knownRegions = (
				en,
				Base,
			);
			mainGroup = B31CAADF2BFDC1B6005394F0;
			packageReferences = (
				B3C1493E2BFED34D009C741D /* XCRemoteSwiftPackageReference "ios-training" */,
			);
			productRefGroup = B31CAAE92BFDC1B6005394F0 /* Products */;
			projectDirPath = "";
			projectRoot = "";
			targets = (
				B31CAAE72BFDC1B6005394F0 /* Weather */,
			);
		};
/* End PBXProject section */

/* Begin PBXResourcesBuildPhase section */
		B31CAAE62BFDC1B6005394F0 /* Resources */ = {
			isa = PBXResourcesBuildPhase;
			buildActionMask = 2147483647;
			files = (
				B31CAAF82BFDC1B7005394F0 /* LaunchScreen.storyboard in Resources */,
				B31CAAF52BFDC1B7005394F0 /* Assets.xcassets in Resources */,
				B31CAAF32BFDC1B6005394F0 /* Main.storyboard in Resources */,
			);
			runOnlyForDeploymentPostprocessing = 0;
		};
/* End PBXResourcesBuildPhase section */

/* Begin PBXSourcesBuildPhase section */
		B31CAAE42BFDC1B6005394F0 /* Sources */ = {
			isa = PBXSourcesBuildPhase;
			buildActionMask = 2147483647;
			files = (
				B317449E2C00285500B72D28 /* weather.swift in Sources */,
				B31CAAF02BFDC1B6005394F0 /* ViewController.swift in Sources */,
				B3C149422BFEFEC6009C741D /* LunchViewController.swift in Sources */,
				B31CAAEC2BFDC1B6005394F0 /* AppDelegate.swift in Sources */,
				B31CAAEE2BFDC1B6005394F0 /* SceneDelegate.swift in Sources */,
				B3594A312C06BF3C0026A5A8 /* wetherStruct.swift in Sources */,
				B3CEAF562C0D764A009D32F0 /* ListStruct.swift in Sources */,
				B3CEAF542C0D75F4009D32F0 /* wetherList.swift in Sources */,
				B3CEAF522C0D53EB009D32F0 /* TableListViewController.swift in Sources */,
			);
			runOnlyForDeploymentPostprocessing = 0;
		};
/* End PBXSourcesBuildPhase section */

/* Begin PBXVariantGroup section */
		B31CAAF12BFDC1B6005394F0 /* Main.storyboard */ = {
			isa = PBXVariantGroup;
			children = (
				B31CAAF22BFDC1B6005394F0 /* Base */,
			);
			name = Main.storyboard;
			sourceTree = "<group>";
		};
		B31CAAF62BFDC1B7005394F0 /* LaunchScreen.storyboard */ = {
			isa = PBXVariantGroup;
			children = (
				B31CAAF72BFDC1B7005394F0 /* Base */,
			);
			name = LaunchScreen.storyboard;
			sourceTree = "<group>";
		};
/* End PBXVariantGroup section */

/* Begin XCBuildConfiguration section */
		B31CAAFA2BFDC1B7005394F0 /* Debug */ = {
			isa = XCBuildConfiguration;
			buildSettings = {
				ALWAYS_SEARCH_USER_PATHS = NO;
				CLANG_ANALYZER_NONNULL = YES;
				CLANG_ANALYZER_NUMBER_OBJECT_CONVERSION = YES_AGGRESSIVE;
				CLANG_CXX_LANGUAGE_STANDARD = "gnu++20";
				CLANG_ENABLE_MODULES = YES;
				CLANG_ENABLE_OBJC_ARC = YES;
				CLANG_ENABLE_OBJC_WEAK = YES;
				CLANG_WARN_BLOCK_CAPTURE_AUTORELEASING = YES;
				CLANG_WARN_BOOL_CONVERSION = YES;
				CLANG_WARN_COMMA = YES;
				CLANG_WARN_CONSTANT_CONVERSION = YES;
				CLANG_WARN_DEPRECATED_OBJC_IMPLEMENTATIONS = YES;
				CLANG_WARN_DIRECT_OBJC_ISA_USAGE = YES_ERROR;
				CLANG_WARN_DOCUMENTATION_COMMENTS = YES;
				CLANG_WARN_EMPTY_BODY = YES;
				CLANG_WARN_ENUM_CONVERSION = YES;
				CLANG_WARN_INFINITE_RECURSION = YES;
				CLANG_WARN_INT_CONVERSION = YES;
				CLANG_WARN_NON_LITERAL_NULL_CONVERSION = YES;
				CLANG_WARN_OBJC_IMPLICIT_RETAIN_SELF = YES;
				CLANG_WARN_OBJC_LITERAL_CONVERSION = YES;
				CLANG_WARN_OBJC_ROOT_CLASS = YES_ERROR;
				CLANG_WARN_QUOTED_INCLUDE_IN_FRAMEWORK_HEADER = YES;
				CLANG_WARN_RANGE_LOOP_ANALYSIS = YES;
				CLANG_WARN_STRICT_PROTOTYPES = YES;
				CLANG_WARN_SUSPICIOUS_MOVE = YES;
				CLANG_WARN_UNGUARDED_AVAILABILITY = YES_AGGRESSIVE;
				CLANG_WARN_UNREACHABLE_CODE = YES;
				CLANG_WARN__DUPLICATE_METHOD_MATCH = YES;
				COPY_PHASE_STRIP = NO;
				DEBUG_INFORMATION_FORMAT = dwarf;
				ENABLE_STRICT_OBJC_MSGSEND = YES;
				ENABLE_TESTABILITY = YES;
				GCC_C_LANGUAGE_STANDARD = gnu11;
				GCC_DYNAMIC_NO_PIC = NO;
				GCC_NO_COMMON_BLOCKS = YES;
				GCC_OPTIMIZATION_LEVEL = 0;
				GCC_PREPROCESSOR_DEFINITIONS = (
					"DEBUG=1",
					"$(inherited)",
				);
				GCC_WARN_64_TO_32_BIT_CONVERSION = YES;
				GCC_WARN_ABOUT_RETURN_TYPE = YES_ERROR;
				GCC_WARN_UNDECLARED_SELECTOR = YES;
				GCC_WARN_UNINITIALIZED_AUTOS = YES_AGGRESSIVE;
				GCC_WARN_UNUSED_FUNCTION = YES;
				GCC_WARN_UNUSED_VARIABLE = YES;
				IPHONEOS_DEPLOYMENT_TARGET = 16.4;
				MTL_ENABLE_DEBUG_INFO = INCLUDE_SOURCE;
				MTL_FAST_MATH = YES;
				ONLY_ACTIVE_ARCH = YES;
				SDKROOT = iphoneos;
				SWIFT_ACTIVE_COMPILATION_CONDITIONS = DEBUG;
				SWIFT_OPTIMIZATION_LEVEL = "-Onone";
			};
			name = Debug;
		};
		B31CAAFB2BFDC1B7005394F0 /* Release */ = {
			isa = XCBuildConfiguration;
			buildSettings = {
				ALWAYS_SEARCH_USER_PATHS = NO;
				CLANG_ANALYZER_NONNULL = YES;
				CLANG_ANALYZER_NUMBER_OBJECT_CONVERSION = YES_AGGRESSIVE;
				CLANG_CXX_LANGUAGE_STANDARD = "gnu++20";
				CLANG_ENABLE_MODULES = YES;
				CLANG_ENABLE_OBJC_ARC = YES;
				CLANG_ENABLE_OBJC_WEAK = YES;
				CLANG_WARN_BLOCK_CAPTURE_AUTORELEASING = YES;
				CLANG_WARN_BOOL_CONVERSION = YES;
				CLANG_WARN_COMMA = YES;
				CLANG_WARN_CONSTANT_CONVERSION = YES;
				CLANG_WARN_DEPRECATED_OBJC_IMPLEMENTATIONS = YES;
				CLANG_WARN_DIRECT_OBJC_ISA_USAGE = YES_ERROR;
				CLANG_WARN_DOCUMENTATION_COMMENTS = YES;
				CLANG_WARN_EMPTY_BODY = YES;
				CLANG_WARN_ENUM_CONVERSION = YES;
				CLANG_WARN_INFINITE_RECURSION = YES;
				CLANG_WARN_INT_CONVERSION = YES;
				CLANG_WARN_NON_LITERAL_NULL_CONVERSION = YES;
				CLANG_WARN_OBJC_IMPLICIT_RETAIN_SELF = YES;
				CLANG_WARN_OBJC_LITERAL_CONVERSION = YES;
				CLANG_WARN_OBJC_ROOT_CLASS = YES_ERROR;
				CLANG_WARN_QUOTED_INCLUDE_IN_FRAMEWORK_HEADER = YES;
				CLANG_WARN_RANGE_LOOP_ANALYSIS = YES;
				CLANG_WARN_STRICT_PROTOTYPES = YES;
				CLANG_WARN_SUSPICIOUS_MOVE = YES;
				CLANG_WARN_UNGUARDED_AVAILABILITY = YES_AGGRESSIVE;
				CLANG_WARN_UNREACHABLE_CODE = YES;
				CLANG_WARN__DUPLICATE_METHOD_MATCH = YES;
				COPY_PHASE_STRIP = NO;
				DEBUG_INFORMATION_FORMAT = "dwarf-with-dsym";
				ENABLE_NS_ASSERTIONS = NO;
				ENABLE_STRICT_OBJC_MSGSEND = YES;
				GCC_C_LANGUAGE_STANDARD = gnu11;
				GCC_NO_COMMON_BLOCKS = YES;
				GCC_WARN_64_TO_32_BIT_CONVERSION = YES;
				GCC_WARN_ABOUT_RETURN_TYPE = YES_ERROR;
				GCC_WARN_UNDECLARED_SELECTOR = YES;
				GCC_WARN_UNINITIALIZED_AUTOS = YES_AGGRESSIVE;
				GCC_WARN_UNUSED_FUNCTION = YES;
				GCC_WARN_UNUSED_VARIABLE = YES;
				IPHONEOS_DEPLOYMENT_TARGET = 16.4;
				MTL_ENABLE_DEBUG_INFO = NO;
				MTL_FAST_MATH = YES;
				SDKROOT = iphoneos;
				SWIFT_COMPILATION_MODE = wholemodule;
				SWIFT_OPTIMIZATION_LEVEL = "-O";
				VALIDATE_PRODUCT = YES;
			};
			name = Release;
		};
		B31CAAFD2BFDC1B7005394F0 /* Debug */ = {
			isa = XCBuildConfiguration;
			buildSettings = {
				ASSETCATALOG_COMPILER_APPICON_NAME = AppIcon;
				ASSETCATALOG_COMPILER_GLOBAL_ACCENT_COLOR_NAME = AccentColor;
				CODE_SIGN_STYLE = Automatic;
				CURRENT_PROJECT_VERSION = 1;
				GENERATE_INFOPLIST_FILE = YES;
				INFOPLIST_FILE = weather/Info.plist;
				INFOPLIST_KEY_UIApplicationSupportsIndirectInputEvents = YES;
				INFOPLIST_KEY_UILaunchStoryboardName = LaunchScreen;
				INFOPLIST_KEY_UIMainStoryboardFile = Main;
				INFOPLIST_KEY_UISupportedInterfaceOrientations_iPad = "UIInterfaceOrientationPortrait UIInterfaceOrientationPortraitUpsideDown UIInterfaceOrientationLandscapeLeft UIInterfaceOrientationLandscapeRight";
				INFOPLIST_KEY_UISupportedInterfaceOrientations_iPhone = "UIInterfaceOrientationPortrait UIInterfaceOrientationLandscapeLeft UIInterfaceOrientationLandscapeRight";
				LD_RUNPATH_SEARCH_PATHS = (
					"$(inherited)",
					"@executable_path/Frameworks",
				);
				MARKETING_VERSION = 1.0;
				PRODUCT_BUNDLE_IDENTIFIER = "Tachibana-Yuya.weather";
				PRODUCT_NAME = "$(TARGET_NAME)";
				SWIFT_EMIT_LOC_STRINGS = YES;
				SWIFT_VERSION = 5.0;
				TARGETED_DEVICE_FAMILY = "1,2";
			};
			name = Debug;
		};
		B31CAAFE2BFDC1B7005394F0 /* Release */ = {
			isa = XCBuildConfiguration;
			buildSettings = {
				ASSETCATALOG_COMPILER_APPICON_NAME = AppIcon;
				ASSETCATALOG_COMPILER_GLOBAL_ACCENT_COLOR_NAME = AccentColor;
				CODE_SIGN_STYLE = Automatic;
				CURRENT_PROJECT_VERSION = 1;
				GENERATE_INFOPLIST_FILE = YES;
				INFOPLIST_FILE = weather/Info.plist;
				INFOPLIST_KEY_UIApplicationSupportsIndirectInputEvents = YES;
				INFOPLIST_KEY_UILaunchStoryboardName = LaunchScreen;
				INFOPLIST_KEY_UIMainStoryboardFile = Main;
				INFOPLIST_KEY_UISupportedInterfaceOrientations_iPad = "UIInterfaceOrientationPortrait UIInterfaceOrientationPortraitUpsideDown UIInterfaceOrientationLandscapeLeft UIInterfaceOrientationLandscapeRight";
				INFOPLIST_KEY_UISupportedInterfaceOrientations_iPhone = "UIInterfaceOrientationPortrait UIInterfaceOrientationLandscapeLeft UIInterfaceOrientationLandscapeRight";
				LD_RUNPATH_SEARCH_PATHS = (
					"$(inherited)",
					"@executable_path/Frameworks",
				);
				MARKETING_VERSION = 1.0;
				PRODUCT_BUNDLE_IDENTIFIER = "Tachibana-Yuya.weather";
				PRODUCT_NAME = "$(TARGET_NAME)";
				SWIFT_EMIT_LOC_STRINGS = YES;
				SWIFT_VERSION = 5.0;
				TARGETED_DEVICE_FAMILY = "1,2";
			};
			name = Release;
		};
/* End XCBuildConfiguration section */

/* Begin XCConfigurationList section */
		B31CAAE32BFDC1B6005394F0 /* Build configuration list for PBXProject "Weather" */ = {
			isa = XCConfigurationList;
			buildConfigurations = (
				B31CAAFA2BFDC1B7005394F0 /* Debug */,
				B31CAAFB2BFDC1B7005394F0 /* Release */,
			);
			defaultConfigurationIsVisible = 0;
			defaultConfigurationName = Release;
		};
		B31CAAFC2BFDC1B7005394F0 /* Build configuration list for PBXNativeTarget "Weather" */ = {
			isa = XCConfigurationList;
			buildConfigurations = (
				B31CAAFD2BFDC1B7005394F0 /* Debug */,
				B31CAAFE2BFDC1B7005394F0 /* Release */,
			);
			defaultConfigurationIsVisible = 0;
			defaultConfigurationName = Release;
		};
/* End XCConfigurationList section */

/* Begin XCRemoteSwiftPackageReference section */
		B3C1493E2BFED34D009C741D /* XCRemoteSwiftPackageReference "ios-training" */ = {
			isa = XCRemoteSwiftPackageReference;
			repositoryURL = "https://github.com/yumemi-inc/ios-training.git";
			requirement = {
				branch = main;
				kind = branch;
			};
		};
/* End XCRemoteSwiftPackageReference section */

/* Begin XCSwiftPackageProductDependency section */
		B3C1493F2BFED34D009C741D /* YumemiWeather */ = {
			isa = XCSwiftPackageProductDependency;
			package = B3C1493E2BFED34D009C741D /* XCRemoteSwiftPackageReference "ios-training" */;
			productName = YumemiWeather;
		};
/* End XCSwiftPackageProductDependency section */
	};
	rootObject = B31CAAE02BFDC1B6005394F0 /* Project object */;
}
